
Microsoft Visual Studio Solution File, Format Version 12.00
# Visual Studio Version 17
VisualStudioVersion = 17.14.36915.13 d17.14
MinimumVisualStudioVersion = 10.0.40219.1
Project("{FAE04EC0-301F-11D3-BF4B-00C04F79EFBC}") = "SuperAdventure", "SuperAdventure\SuperAdventure.csproj", "{66A059B6-7C9D-450D-A13C-86FB18BEFFC2}"
EndProject
Project("{FAE04EC0-301F-11D3-BF4B-00C04F79EFBC}") = "Engine", "Engine\Engine.csproj", "{C4D3FE84-1104-462D-A4E5-F593463AF7C3}"
EndProject
Global
	GlobalSection(SolutionConfigurationPlatforms) = preSolution
		Debug|Any CPU = Debug|Any CPU
		Release|Any CPU = Release|Any CPU
	EndGlobalSection
	GlobalSection(ProjectConfigurationPlatforms) = postSolution
		{66A059B6-7C9D-450D-A13C-86FB18BEFFC2}.Debug|Any CPU.ActiveCfg = Debug|Any CPU
		{66A059B6-7C9D-450D-A13C-86FB18BEFFC2}.Debug|Any CPU.Build.0 = Debug|Any CPU
		{66A059B6-7C9D-450D-A13C-86FB18BEFFC2}.Release|Any CPU.ActiveCfg = Release|Any CPU
		{66A059B6-7C9D-450D-A13C-86FB18BEFFC2}.Release|Any CPU.Build.0 = Release|Any CPU
		{C4D3FE84-1104-462D-A4E5-F593463AF7C3}.Debug|Any CPU.ActiveCfg = Debug|Any CPU
		{C4D3FE84-1104-462D-A4E5-F593463AF7C3}.Debug|Any CPU.Build.0 = Debug|Any CPU
		{C4D3FE84-1104-462D-A4E5-F593463AF7C3}.Release|Any CPU.ActiveCfg = Release|Any CPU
		{C4D3FE84-1104-462D-A4E5-F593463AF7C3}.Release|Any CPU.Build.0 = Release|Any CPU
	EndGlobalSection
	GlobalSection(SolutionProperties) = preSolution
		HideSolutionNode = FALSE
	EndGlobalSection
	GlobalSection(ExtensibilityGlobals) = postSolution
		SolutionGuid = {98BE81AC-CFD5-4BCD-B996-8B980CFC741C}
	EndGlobalSection
EndGlobal
